
Microsoft Visual Studio Solution File, Format Version 11.00
# Visual Studio 2010
Project("{888888A0-9F3D-457C-B088-3A5042F75D52}") = "metalhydride", "metalhydride\metalhydride.pyproj", "{AE2B1A7F-3F9A-4E42-93D0-538E810B908D}"
EndProject
Global
	GlobalSection(SolutionConfigurationPlatforms) = preSolution
		Debug|Any CPU = Debug|Any CPU
		Release|Any CPU = Release|Any CPU
	EndGlobalSection
	GlobalSection(ProjectConfigurationPlatforms) = postSolution
		{AE2B1A7F-3F9A-4E42-93D0-538E810B908D}.Debug|Any CPU.ActiveCfg = Debug|Any CPU
		{AE2B1A7F-3F9A-4E42-93D0-538E810B908D}.Release|Any CPU.ActiveCfg = Release|Any CPU
	EndGlobalSection
	GlobalSection(SolutionProperties) = preSolution
		HideSolutionNode = FALSE
	EndGlobalSection
EndGlobal
